PODS:
  - Alamofire (3.0.0)
  - AlamofireObjectMapper (1.1.0):
    - Alamofire (~> 3.0.0)
    - ObjectMapper (~> 0.19)
  - google-cast-sdk (2.7.1):
    - google-cast-sdk/Assets (= 2.7.1)
    - google-cast-sdk/Core (= 2.7.1)
  - google-cast-sdk/Assets (2.7.1):
    - google-cast-sdk/Core
  - google-cast-sdk/Core (2.7.1)
  - ObjectMapper (0.19)
  - SVProgressHUD (1.1.3)
  - UIAlertController+Blocks (0.9)

DEPENDENCIES:
  - Alamofire
  - AlamofireObjectMapper
  - google-cast-sdk
  - ObjectMapper
  - SVProgressHUD
  - UIAlertController+Blocks

SPEC CHECKSUMS:
  Alamofire: b61782387f81bcc538a0284cf2bb5d7995cd0a80
  AlamofireObjectMapper: e31eb96b6adf855bb1b7737ff47598c5f42eb61e
  google-cast-sdk: 9c98a8fbe8277277ab01a3318ee965c9aef3d4c9
  ObjectMapper: a88114e5df20f055da63029f25cbc01014847c91
  SVProgressHUD: 748080e4f36e603f6c02aec292664239df5279c1
  UIAlertController+Blocks: b48c673ff60726da468b32ab21bbc7683512d45b

COCOAPODS: 0.38.2
